
Microsoft Visual Studio Solution File, Format Version 12.00
# Visual Studio Version 17
VisualStudioVersion = 17.1.32319.34
MinimumVisualStudioVersion = 10.0.40219.1
Project("{FAE04EC0-301F-11D3-BF4B-00C04F79EFBC}") = "JukeboxClient", "JukeboxClient\JukeboxClient.csproj", "{FCDFF95D-0233-4F58-9B2E-36D2800E475D}"
EndProject
Global
	GlobalSection(SolutionConfigurationPlatforms) = preSolution
		Debug|Any CPU = Debug|Any CPU
		Release|Any CPU = Release|Any CPU
	EndGlobalSection
	GlobalSection(ProjectConfigurationPlatforms) = postSolution
		{FCDFF95D-0233-4F58-9B2E-36D2800E475D}.Debug|Any CPU.ActiveCfg = Debug|Any CPU
		{FCDFF95D-0233-4F58-9B2E-36D2800E475D}.Debug|Any CPU.Build.0 = Debug|Any CPU
		{FCDFF95D-0233-4F58-9B2E-36D2800E475D}.Release|Any CPU.ActiveCfg = Release|Any CPU
		{FCDFF95D-0233-4F58-9B2E-36D2800E475D}.Release|Any CPU.Build.0 = Release|Any CPU
	EndGlobalSection
	GlobalSection(SolutionProperties) = preSolution
		HideSolutionNode = FALSE
	EndGlobalSection
	GlobalSection(ExtensibilityGlobals) = postSolution
		SolutionGuid = {AA3B9D60-318E-46EE-B623-878E3FD0C7F8}
	EndGlobalSection
EndGlobal
